
Microsoft Visual Studio Solution File, Format Version 12.00
# Visual Studio Version 17
VisualStudioVersion = 17.5.33414.496
MinimumVisualStudioVersion = 10.0.40219.1
Project("{9A19103F-16F7-4668-BE54-9A1E7A4F7556}") = "BB_Admins", "BB_Admins\BB_Admins.csproj", "{33F26041-3C33-4962-BDC9-3532528FB8F5}"
EndProject
Project("{54435603-DBB4-11D2-8724-00A0C9A8B90C}") = "BB_Admin_Installer", "BB_Admin_Installer\BB_Admin_Installer.vdproj", "{4C86B264-A66A-4FAF-9909-099EE1C20D67}"
EndProject
Global
	GlobalSection(SolutionConfigurationPlatforms) = preSolution
		Debug|Any CPU = Debug|Any CPU
		Release|Any CPU = Release|Any CPU
	EndGlobalSection
	GlobalSection(ProjectConfigurationPlatforms) = postSolution
		{33F26041-3C33-4962-BDC9-3532528FB8F5}.Debug|Any CPU.ActiveCfg = Debug|Any CPU
		{33F26041-3C33-4962-BDC9-3532528FB8F5}.Debug|Any CPU.Build.0 = Debug|Any CPU
		{33F26041-3C33-4962-BDC9-3532528FB8F5}.Release|Any CPU.ActiveCfg = Release|Any CPU
		{33F26041-3C33-4962-BDC9-3532528FB8F5}.Release|Any CPU.Build.0 = Release|Any CPU
		{4C86B264-A66A-4FAF-9909-099EE1C20D67}.Debug|Any CPU.ActiveCfg = Debug
		{4C86B264-A66A-4FAF-9909-099EE1C20D67}.Release|Any CPU.ActiveCfg = Release
	EndGlobalSection
	GlobalSection(SolutionProperties) = preSolution
		HideSolutionNode = FALSE
	EndGlobalSection
	GlobalSection(ExtensibilityGlobals) = postSolution
		SolutionGuid = {944F6503-945D-4241-85D0-CA0EAA620ACF}
	EndGlobalSection
EndGlobal
